// !$*UTF8*$!
{archiveVersion = 1; classes = {}; objectVersion = 56; objects = {
E57A93E737B17F18EADF462A = {isa = PBXFileReference; lastKnownFileType = sourcecode.swift; path = "AppDelegate.swift"; sourceTree = "<group>"; };
C0D548297F5E98AAD21AA2A1 = {isa = PBXBuildFile; fileRef = E57A93E737B17F18EADF462A; };
13AF463CFF42272FF17943A3 = {isa = PBXFileReference; lastKnownFileType = sourcecode.swift; path = "MenuBarController.swift"; sourceTree = "<group>"; };
789B46BE48CDD718F2267150 = {isa = PBXBuildFile; fileRef = 13AF463CFF42272FF17943A3; };
3AEC596DD123EFFDB4F2F354 = {isa = PBXFileReference; lastKnownFileType = sourcecode.swift; path = "ShimKitApp.swift"; sourceTree = "<group>"; };
8CAAA38ED4EA3FF9453681BA = {isa = PBXBuildFile; fileRef = 3AEC596DD123EFFDB4F2F354; };
DBFD8856ECAF58DD389D9772 = {isa = PBXGroup; children = (E57A93E737B17F18EADF462A, 13AF463CFF42272FF17943A3, 3AEC596DD123EFFDB4F2F354, ); path = "App"; sourceTree = "<group>"; };
AE641793CCCF17343AA27C05 = {isa = PBXFileReference; lastKnownFileType = sourcecode.swift; path = "AXAccess.swift"; sourceTree = "<group>"; };
2BF1054439FBF8E37619013E = {isa = PBXBuildFile; fileRef = AE641793CCCF17343AA27C05; };
93A9F03E0E95503E61D006C8 = {isa = PBXGroup; children = (AE641793CCCF17343AA27C05, ); path = "Accessibility"; sourceTree = "<group>"; };
27CD4A5A48E733582BC07C8B = {isa = PBXFileReference; lastKnownFileType = sourcecode.swift; path = "HotkeyManager.swift"; sourceTree = "<group>"; };
B1905880AA2C1EE592745010 = {isa = PBXBuildFile; fileRef = 27CD4A5A48E733582BC07C8B; };
8B9E2A9D522A37202469EFB4 = {isa = PBXFileReference; lastKnownFileType = sourcecode.swift; path = "Shortcut.swift"; sourceTree = "<group>"; };
D1E9458F835D73D519EAC760 = {isa = PBXBuildFile; fileRef = 8B9E2A9D522A37202469EFB4; };
362D69EB94FD3320941997B4 = {isa = PBXFileReference; lastKnownFileType = sourcecode.swift; path = "ShortcutRecorder.swift"; sourceTree = "<group>"; };
3C1DA0AFD53325E80DB38B33 = {isa = PBXBuildFile; fileRef = 362D69EB94FD3320941997B4; };
DFEA7AA300E51EA73BE52251 = {isa = PBXGroup; children = (27CD4A5A48E733582BC07C8B, 8B9E2A9D522A37202469EFB4, 362D69EB94FD3320941997B4, ); path = "Hotkeys"; sourceTree = "<group>"; };
213D70E8A5B09B2148F19AA1 = {isa = PBXFileReference; lastKnownFileType = sourcecode.swift; path = "PermissionsManager.swift"; sourceTree = "<group>"; };
5AE022504AA0E608EBE6F096 = {isa = PBXBuildFile; fileRef = 213D70E8A5B09B2148F19AA1; };
FB8C34331F7C0367FB464484 = {isa = PBXGroup; children = (213D70E8A5B09B2148F19AA1, ); path = "Permissions"; sourceTree = "<group>"; };
CFDA6627A0B4C913C5894E69 = {isa = PBXFileReference; lastKnownFileType = sourcecode.swift; path = "LoginItemManager.swift"; sourceTree = "<group>"; };
09D60657CA505E5C33C7E411 = {isa = PBXBuildFile; fileRef = CFDA6627A0B4C913C5894E69; };
A057642806C35F203F7F7760 = {isa = PBXFileReference; lastKnownFileType = sourcecode.swift; path = "Preferences.swift"; sourceTree = "<group>"; };
F332F902DBF07F1396DC8653 = {isa = PBXBuildFile; fileRef = A057642806C35F203F7F7760; };
1A010DA5D403B00697557FE4 = {isa = PBXGroup; children = (CFDA6627A0B4C913C5894E69, A057642806C35F203F7F7760, ); path = "Preferences"; sourceTree = "<group>"; };
CB2BB8A215121C999902316A = {isa = PBXFileReference; lastKnownFileType = sourcecode.swift; path = "UpdateManager.swift"; sourceTree = "<group>"; };
76587EB04F85477CF5CB2529 = {isa = PBXBuildFile; fileRef = CB2BB8A215121C999902316A; };
AFE6C8BA875484C4037A14B0 = {isa = PBXGroup; children = (CB2BB8A215121C999902316A, ); path = "Updates"; sourceTree = "<group>"; };
F851916BDACDA207C104259F = {isa = PBXFileReference; lastKnownFileType = sourcecode.swift; path = "WindowActivator.swift"; sourceTree = "<group>"; };
950A71CDCC6F16AF5B6D9513 = {isa = PBXBuildFile; fileRef = F851916BDACDA207C104259F; };
44603929C1A056EFF8C0C902 = {isa = PBXFileReference; lastKnownFileType = sourcecode.swift; path = "WindowDiscovery.swift"; sourceTree = "<group>"; };
CB102BF061F0F67569980E49 = {isa = PBXBuildFile; fileRef = 44603929C1A056EFF8C0C902; };
6F0D0D2A3DE52C9E4F8C2BE5 = {isa = PBXFileReference; lastKnownFileType = sourcecode.swift; path = "WindowGeometry.swift"; sourceTree = "<group>"; };
FC4BA3F4E93406817022E341 = {isa = PBXBuildFile; fileRef = 6F0D0D2A3DE52C9E4F8C2BE5; };
286E0406E2B2F0AAD16C4A05 = {isa = PBXFileReference; lastKnownFileType = sourcecode.swift; path = "WindowHistory.swift"; sourceTree = "<group>"; };
C070EAFDAAA07A1D89F51990 = {isa = PBXBuildFile; fileRef = 286E0406E2B2F0AAD16C4A05; };
3831EF457974495DE95077EA = {isa = PBXFileReference; lastKnownFileType = sourcecode.swift; path = "WindowInfo.swift"; sourceTree = "<group>"; };
A86C3B622E934D6F3F3D3E6E = {isa = PBXBuildFile; fileRef = 3831EF457974495DE95077EA; };
43187950B325EC5A732C8994 = {isa = PBXFileReference; lastKnownFileType = sourcecode.swift; path = "WindowPreviewProvider.swift"; sourceTree = "<group>"; };
7CDDDABE1C3CCC32C46BD490 = {isa = PBXBuildFile; fileRef = 43187950B325EC5A732C8994; };
E65BB811B88996930AA5C224 = {isa = PBXGroup; children = (F851916BDACDA207C104259F, 44603929C1A056EFF8C0C902, 6F0D0D2A3DE52C9E4F8C2BE5, 286E0406E2B2F0AAD16C4A05, 3831EF457974495DE95077EA, 43187950B325EC5A732C8994, ); path = "Windowing"; sourceTree = "<group>"; };
1FF5D3F195041C6C2D3FC8C6 = {isa = PBXGroup; children = (93A9F03E0E95503E61D006C8, DFEA7AA300E51EA73BE52251, FB8C34331F7C0367FB464484, 1A010DA5D403B00697557FE4, AFE6C8BA875484C4037A14B0, E65BB811B88996930AA5C224, ); path = "Core"; sourceTree = "<group>"; };
B08710C94689259790D59DFA = {isa = PBXFileReference; lastKnownFileType = sourcecode.swift; path = "MenuBarHiderController.swift"; sourceTree = "<group>"; };
47C5575F194283B6A775B78B = {isa = PBXBuildFile; fileRef = B08710C94689259790D59DFA; };
D0AD695A13C2F67835F3D5C4 = {isa = PBXGroup; children = (B08710C94689259790D59DFA, ); path = "MenuBarHider"; sourceTree = "<group>"; };
D35B45DBDAA08F8F92AFA2FF = {isa = PBXFileReference; lastKnownFileType = sourcecode.swift; path = "WindowManager.swift"; sourceTree = "<group>"; };
D44B3B6C5AF8FC497122DE9E = {isa = PBXBuildFile; fileRef = D35B45DBDAA08F8F92AFA2FF; };
ABA476E0EC451715822B6327 = {isa = PBXGroup; children = (D35B45DBDAA08F8F92AFA2FF, ); path = "WindowManager"; sourceTree = "<group>"; };
CA0627512A274C93ADBF2B2E = {isa = PBXFileReference; lastKnownFileType = sourcecode.swift; path = "SwitcherPanel.swift"; sourceTree = "<group>"; };
78BB732E3D288B21E552D52A = {isa = PBXBuildFile; fileRef = CA0627512A274C93ADBF2B2E; };
FF29592EAB622C579F0D2991 = {isa = PBXFileReference; lastKnownFileType = sourcecode.swift; path = "SwitcherSelection.swift"; sourceTree = "<group>"; };
6BE93A9B033A568ACEAB2D97 = {isa = PBXBuildFile; fileRef = FF29592EAB622C579F0D2991; };
6D0B3A2DD0116015642C85E5 = {isa = PBXFileReference; lastKnownFileType = sourcecode.swift; path = "WindowSwitcherController.swift"; sourceTree = "<group>"; };
650C5A2A85CD174735D4ABD0 = {isa = PBXBuildFile; fileRef = 6D0B3A2DD0116015642C85E5; };
C5FFD2FC9EC56A7C8DC5683B = {isa = PBXGroup; children = (CA0627512A274C93ADBF2B2E, FF29592EAB622C579F0D2991, 6D0B3A2DD0116015642C85E5, ); path = "WindowSwitcher"; sourceTree = "<group>"; };
8BA1F9A3635DEFAF296453C3 = {isa = PBXGroup; children = (D0AD695A13C2F67835F3D5C4, ABA476E0EC451715822B6327, C5FFD2FC9EC56A7C8DC5683B, ); path = "Modules"; sourceTree = "<group>"; };
51FFC3745A9B145C6D764987 = {isa = PBXFileReference; lastKnownFileType = sourcecode.swift; path = "SettingsController.swift"; sourceTree = "<group>"; };
B97F8A32496758940B5BCCEC = {isa = PBXBuildFile; fileRef = 51FFC3745A9B145C6D764987; };
5603B87216FB3095F4973A38 = {isa = PBXGroup; children = (51FFC3745A9B145C6D764987, ); path = "Settings"; sourceTree = "<group>"; };
DD851CF980199E2DEAE2332C = {isa = PBXFileReference; lastKnownFileType = sourcecode.swift; path = "Log.swift"; sourceTree = "<group>"; };
6F500028ACBBC0073124D274 = {isa = PBXBuildFile; fileRef = DD851CF980199E2DEAE2332C; };
7A51D7CA1032B360CAC0D26E = {isa = PBXGroup; children = (DD851CF980199E2DEAE2332C, ); path = "Shared"; sourceTree = "<group>"; };
F5E4EF633CE7E004F71D719E = {isa = PBXGroup; children = (5603B87216FB3095F4973A38, 7A51D7CA1032B360CAC0D26E, ); path = "UI"; sourceTree = "<group>"; };
9120038790B3A5FFFC3D670D = {isa = PBXGroup; children = (DBFD8856ECAF58DD389D9772, 1FF5D3F195041C6C2D3FC8C6, 8BA1F9A3635DEFAF296453C3, F5E4EF633CE7E004F71D719E, ); path = "ShimKit"; sourceTree = "<group>"; };
38A007151ABE87CC01A5B6E9 = {isa = PBXFileReference; explicitFileType = wrapper.application; includeInIndex = 0; path = ShimKit.app; sourceTree = BUILT_PRODUCTS_DIR; };
FBDC4F23F93125BBEEAE800C = {isa = PBXGroup; children = (38A007151ABE87CC01A5B6E9, ); name = Products; sourceTree = "<group>"; };
59BD0A3FF43B32849B319E64 = {isa = PBXFileReference; lastKnownFileType = text.plist.xml; path = Resources/Info.plist; sourceTree = "<group>"; };
ED378DA3482C8BBB11DC167B = {isa = PBXFileReference; lastKnownFileType = text; path = Resources/Sparkle-LICENSE.txt; sourceTree = "<group>"; };
3C902D52D243840505E91161 = {isa = PBXBuildFile; fileRef = ED378DA3482C8BBB11DC167B; };
8B53A5A73310766E670AEEAE = {isa = PBXFileReference; lastKnownFileType = image.icns; path = Resources/AppIcon.icns; sourceTree = "<group>"; };
5D393A4EEAFAAE7A7027F57C = {isa = PBXBuildFile; fileRef = 8B53A5A73310766E670AEEAE; };
0189424A5A60FED329FA868E = {isa = PBXResourcesBuildPhase; buildActionMask = 2147483647; files = (3C902D52D243840505E91161, 5D393A4EEAFAAE7A7027F57C, ); runOnlyForDeploymentPostprocessing = 0; };
B28B7AF69320201D1CF206EB = {isa = PBXGroup; children = (9120038790B3A5FFFC3D670D, 59BD0A3FF43B32849B319E64, ED378DA3482C8BBB11DC167B, 8B53A5A73310766E670AEEAE, FBDC4F23F93125BBEEAE800C, ); sourceTree = "<group>"; };
BCE16DD0260827ECF338C787 = {isa = PBXSourcesBuildPhase; buildActionMask = 2147483647; files = (C0D548297F5E98AAD21AA2A1, 789B46BE48CDD718F2267150, 8CAAA38ED4EA3FF9453681BA, 2BF1054439FBF8E37619013E, B1905880AA2C1EE592745010, D1E9458F835D73D519EAC760, 3C1DA0AFD53325E80DB38B33, 5AE022504AA0E608EBE6F096, 09D60657CA505E5C33C7E411, F332F902DBF07F1396DC8653, 76587EB04F85477CF5CB2529, 950A71CDCC6F16AF5B6D9513, CB102BF061F0F67569980E49, FC4BA3F4E93406817022E341, C070EAFDAAA07A1D89F51990, A86C3B622E934D6F3F3D3E6E, 7CDDDABE1C3CCC32C46BD490, 47C5575F194283B6A775B78B, D44B3B6C5AF8FC497122DE9E, 78BB732E3D288B21E552D52A, 6BE93A9B033A568ACEAB2D97, 650C5A2A85CD174735D4ABD0, B97F8A32496758940B5BCCEC, 6F500028ACBBC0073124D274, ); runOnlyForDeploymentPostprocessing = 0; };
6E80D9DF83D7301E2AA82E76 = {isa = XCRemoteSwiftPackageReference; repositoryURL = "https://github.com/sparkle-project/Sparkle"; requirement = {kind = exactVersion; version = 2.9.6; }; };
FB81A65425BBFF7F8119FF0F = {isa = XCSwiftPackageProductDependency; package = 6E80D9DF83D7301E2AA82E76; productName = Sparkle; };
EC1E1846879489C6CB9B303F = {isa = PBXBuildFile; productRef = FB81A65425BBFF7F8119FF0F; };
7561BFB015D8F536760CB671 = {isa = PBXFrameworksBuildPhase; buildActionMask = 2147483647; files = (EC1E1846879489C6CB9B303F, ); runOnlyForDeploymentPostprocessing = 0; };
A5A76368A6E498576C4EEF98 = {isa = XCBuildConfiguration; buildSettings = {PRODUCT_NAME = "ShimKit"; PRODUCT_BUNDLE_IDENTIFIER = "com.shimkit.app"; INFOPLIST_FILE = "Resources/Info.plist"; SWIFT_VERSION = "5.0"; MACOSX_DEPLOYMENT_TARGET = "14.0"; SDKROOT = "macosx"; CODE_SIGN_STYLE = "Manual"; CODE_SIGN_IDENTITY = "Apple Development"; DEVELOPMENT_TEAM = "WZJ4ZPRH72"; ENABLE_APP_SANDBOX = "NO"; ENABLE_HARDENED_RUNTIME = "YES"; COMBINE_HIDPI_IMAGES = "YES"; SWIFT_EMIT_LOC_STRINGS = "NO"; LD_RUNPATH_SEARCH_PATHS = "$(inherited) @executable_path/../Frameworks"; SWIFT_OPTIMIZATION_LEVEL = "-Onone"; SWIFT_COMPILATION_MODE = "singlefile"; DEBUG_INFORMATION_FORMAT = "dwarf"; ENABLE_TESTABILITY = "YES";}; name = Debug; };
1C6332C759B35B5B3487F3CD = {isa = XCBuildConfiguration; buildSettings = {CLANG_ENABLE_MODULES = YES; }; name = Debug; };
A5BD66D3C03A0FAF1A0386D5 = {isa = XCBuildConfiguration; buildSettings = {PRODUCT_NAME = "ShimKit"; PRODUCT_BUNDLE_IDENTIFIER = "com.shimkit.app"; INFOPLIST_FILE = "Resources/Info.plist"; SWIFT_VERSION = "5.0"; MACOSX_DEPLOYMENT_TARGET = "14.0"; SDKROOT = "macosx"; CODE_SIGN_STYLE = "Manual"; CODE_SIGN_IDENTITY = "Developer ID Application"; DEVELOPMENT_TEAM = "WZJ4ZPRH72"; ENABLE_APP_SANDBOX = "NO"; ENABLE_HARDENED_RUNTIME = "YES"; COMBINE_HIDPI_IMAGES = "YES"; SWIFT_EMIT_LOC_STRINGS = "NO"; LD_RUNPATH_SEARCH_PATHS = "$(inherited) @executable_path/../Frameworks"; SWIFT_OPTIMIZATION_LEVEL = "-O"; SWIFT_COMPILATION_MODE = "wholemodule"; DEBUG_INFORMATION_FORMAT = "dwarf-with-dsym"; ENABLE_TESTABILITY = "NO";}; name = Release; };
8B7212A5EF49F64ACD4F072A = {isa = XCBuildConfiguration; buildSettings = {CLANG_ENABLE_MODULES = YES; }; name = Release; };
5FB66943637FEB59E5652D81 = {isa = XCConfigurationList; buildConfigurations = (A5A76368A6E498576C4EEF98, A5BD66D3C03A0FAF1A0386D5, ); defaultConfigurationIsVisible = 0; defaultConfigurationName = Release; };
862894B703A6DEDF96A9DD6C = {isa = XCConfigurationList; buildConfigurations = (1C6332C759B35B5B3487F3CD, 8B7212A5EF49F64ACD4F072A, ); defaultConfigurationIsVisible = 0; defaultConfigurationName = Release; };
0E8A3AD980EC179856012B7E = {isa = PBXNativeTarget; buildConfigurationList = 5FB66943637FEB59E5652D81; buildPhases = (BCE16DD0260827ECF338C787, 7561BFB015D8F536760CB671, 0189424A5A60FED329FA868E, ); buildRules = (); dependencies = (); packageProductDependencies = (FB81A65425BBFF7F8119FF0F, ); name = ShimKit; productName = ShimKit; productReference = 38A007151ABE87CC01A5B6E9; productType = "com.apple.product-type.application"; };
98F54143AB4E86B28C3AFEE0 = {isa = PBXProject; attributes = {LastUpgradeCheck = 1600; }; buildConfigurationList = 862894B703A6DEDF96A9DD6C; compatibilityVersion = "Xcode 14.0"; developmentRegion = en; hasScannedForEncodings = 0; knownRegions = (en, Base); mainGroup = B28B7AF69320201D1CF206EB; packageReferences = (6E80D9DF83D7301E2AA82E76, ); productRefGroup = FBDC4F23F93125BBEEAE800C; projectDirPath = ""; projectRoot = ""; targets = (0E8A3AD980EC179856012B7E, ); };
}; rootObject = 98F54143AB4E86B28C3AFEE0; }
